// !$*UTF8*$!
{
	archiveVersion = 1;
	classes = {
	};
	objectVersion = 55;
	objects = {

/* Begin PBXBuildFile section */
		C3070B8728706F8000F148AA /* PointsView.swift in Sources */ = {isa = PBXBuildFile; fileRef = C3070B8628706F8000F148AA /* PointsView.swift */; };
		C327F7AD28730BE600382915 /* Constants.swift in Sources */ = {isa = PBXBuildFile; fileRef = C327F7AC28730BE600382915 /* Constants.swift */; };
		C36F7D7B2869C943005413C1 /* BackgroundView.swift in Sources */ = {isa = PBXBuildFile; fileRef = C36F7D7A2869C943005413C1 /* BackgroundView.swift */; };
		C394137B28688F0B00222F83 /* RoundedViews.swift in Sources */ = {isa = PBXBuildFile; fileRef = C394137A28688F0B00222F83 /* RoundedViews.swift */; };
		C3ADE624287457E7008E05BB /* LeaderBoardTextStyle.swift in Sources */ = {isa = PBXBuildFile; fileRef = C3ADE623287457E7008E05BB /* LeaderBoardTextStyle.swift */; };
		C3ADE626287458F2008E05BB /* LeaderBoardView.swift in Sources */ = {isa = PBXBuildFile; fileRef = C3ADE625287458F2008E05BB /* LeaderBoardView.swift */; };
		C3D84AE8286733BE0048172B /* TextView.swift in Sources */ = {isa = PBXBuildFile; fileRef = C3D84AE7286733BE0048172B /* TextView.swift */; };
		C3DBE66228784E2000D425C4 /* LeaderBoardEntry.swift in Sources */ = {isa = PBXBuildFile; fileRef = C3DBE66128784E2000D425C4 /* LeaderBoardEntry.swift */; };
		EF440C862859046D00E569E4 /* BullsEyeTests.swift in Sources */ = {isa = PBXBuildFile; fileRef = EF440C852859046D00E569E4 /* BullsEyeTests.swift */; };
		EFEBF86F2857C3710001E83E /* Game.swift in Sources */ = {isa = PBXBuildFile; fileRef = EFEBF86E2857C3710001E83E /* Game.swift */; };
		EFEF3B54285534EC00E5EF1A /* BullsEyeApp.swift in Sources */ = {isa = PBXBuildFile; fileRef = EFEF3B53285534EC00E5EF1A /* BullsEyeApp.swift */; };
		EFEF3B56285534EC00E5EF1A /* ContentView.swift in Sources */ = {isa = PBXBuildFile; fileRef = EFEF3B55285534EC00E5EF1A /* ContentView.swift */; };
		EFEF3B58285534F300E5EF1A /* Assets.xcassets in Resources */ = {isa = PBXBuildFile; fileRef = EFEF3B57285534F300E5EF1A /* Assets.xcassets */; };
		EFEF3B5B285534F300E5EF1A /* Preview Assets.xcassets in Resources */ = {isa = PBXBuildFile; fileRef = EFEF3B5A285534F300E5EF1A /* Preview Assets.xcassets */; };
/* End PBXBuildFile section */

/* Begin PBXContainerItemProxy section */
		EF440C872859046D00E569E4 /* PBXContainerItemProxy */ = {
			isa = PBXContainerItemProxy;
			containerPortal = EFEF3B48285534EC00E5EF1A /* Project object */;
			proxyType = 1;
			remoteGlobalIDString = EFEF3B4F285534EC00E5EF1A;
			remoteInfo = BullsEye;
		};
/* End PBXContainerItemProxy section */

/* Begin PBXFileReference section */
		C3070B8628706F8000F148AA /* PointsView.swift */ = {isa = PBXFileReference; lastKnownFileType = sourcecode.swift; path = PointsView.swift; sourceTree = "<group>"; };
		C327F7AC28730BE600382915 /* Constants.swift */ = {isa = PBXFileReference; lastKnownFileType = sourcecode.swift; path = Constants.swift; sourceTree = "<group>"; };
		C36F7D7A2869C943005413C1 /* BackgroundView.swift */ = {isa = PBXFileReference; lastKnownFileType = sourcecode.swift; path = BackgroundView.swift; sourceTree = "<group>"; };
		C394137A28688F0B00222F83 /* RoundedViews.swift */ = {isa = PBXFileReference; lastKnownFileType = sourcecode.swift; path = RoundedViews.swift; sourceTree = "<group>"; };
		C3ADE623287457E7008E05BB /* LeaderBoardTextStyle.swift */ = {isa = PBXFileReference; lastKnownFileType = sourcecode.swift; path = LeaderBoardTextStyle.swift; sourceTree = "<group>"; };
		C3ADE625287458F2008E05BB /* LeaderBoardView.swift */ = {isa = PBXFileReference; lastKnownFileType = sourcecode.swift; path = LeaderBoardView.swift; sourceTree = "<group>"; };
		C3D84AE7286733BE0048172B /* TextView.swift */ = {isa = PBXFileReference; lastKnownFileType = sourcecode.swift; path = TextView.swift; sourceTree = "<group>"; };
		C3DBE66128784E2000D425C4 /* LeaderBoardEntry.swift */ = {isa = PBXFileReference; lastKnownFileType = sourcecode.swift; path = LeaderBoardEntry.swift; sourceTree = "<group>"; };
		EF440C832859046D00E569E4 /* BullsEyeTests.xctest */ = {isa = PBXFileReference; explicitFileType = wrapper.cfbundle; includeInIndex = 0; path = BullsEyeTests.xctest; sourceTree = BUILT_PRODUCTS_DIR; };
		EF440C852859046D00E569E4 /* BullsEyeTests.swift */ = {isa = PBXFileReference; lastKnownFileType = sourcecode.swift; path = BullsEyeTests.swift; sourceTree = "<group>"; };
		EFEBF86E2857C3710001E83E /* Game.swift */ = {isa = PBXFileReference; lastKnownFileType = sourcecode.swift; path = Game.swift; sourceTree = "<group>"; };
		EFEF3B50285534EC00E5EF1A /* BullsEye.app */ = {isa = PBXFileReference; explicitFileType = wrapper.application; includeInIndex = 0; path = BullsEye.app; sourceTree = BUILT_PRODUCTS_DIR; };
		EFEF3B53285534EC00E5EF1A /* BullsEyeApp.swift */ = {isa = PBXFileReference; lastKnownFileType = sourcecode.swift; path = BullsEyeApp.swift; sourceTree = "<group>"; };
		EFEF3B55285534EC00E5EF1A /* ContentView.swift */ = {isa = PBXFileReference; lastKnownFileType = sourcecode.swift; path = ContentView.swift; sourceTree = "<group>"; };
		EFEF3B57285534F300E5EF1A /* Assets.xcassets */ = {isa = PBXFileReference; lastKnownFileType = folder.assetcatalog; path = Assets.xcassets; sourceTree = "<group>"; };
		EFEF3B5A285534F300E5EF1A /* Preview Assets.xcassets */ = {isa = PBXFileReference; lastKnownFileType = folder.assetcatalog; path = "Preview Assets.xcassets"; sourceTree = "<group>"; };
/* End PBXFileReference section */

/* Begin PBXFrameworksBuildPhase section */
		EF440C802859046D00E569E4 /* Frameworks */ = {
			isa = PBXFrameworksBuildPhase;
			buildActionMask = 2147483647;
			files = (
			);
			runOnlyForDeploymentPostprocessing = 0;
		};
		EFEF3B4D285534EC00E5EF1A /* Frameworks */ = {
			isa = PBXFrameworksBuildPhase;
			buildActionMask = 2147483647;
			files = (
			);
			runOnlyForDeploymentPostprocessing = 0;
		};
/* End PBXFrameworksBuildPhase section */

/* Begin PBXGroup section */
		C3ADE622287457B5008E05BB /* TextStyles */ = {
			isa = PBXGroup;
			children = (
				C3ADE623287457E7008E05BB /* LeaderBoardTextStyle.swift */,
			);
			path = TextStyles;
			sourceTree = "<group>";
		};
		EF440C842859046D00E569E4 /* BullsEyeTests */ = {
			isa = PBXGroup;
			children = (
				EF440C852859046D00E569E4 /* BullsEyeTests.swift */,
			);
			path = BullsEyeTests;
			sourceTree = "<group>";
		};
		EFEBF86B2857C3230001E83E /* Models */ = {
			isa = PBXGroup;
			children = (
				EFEBF86E2857C3710001E83E /* Game.swift */,
				C327F7AC28730BE600382915 /* Constants.swift */,
				C3DBE66128784E2000D425C4 /* LeaderBoardEntry.swift */,
			);
			path = Models;
			sourceTree = "<group>";
		};
		EFEBF86C2857C32A0001E83E /* Views */ = {
			isa = PBXGroup;
			children = (
				EFEF3B55285534EC00E5EF1A /* ContentView.swift */,
				C3D84AE7286733BE0048172B /* TextView.swift */,
				C394137A28688F0B00222F83 /* RoundedViews.swift */,
				C36F7D7A2869C943005413C1 /* BackgroundView.swift */,
				C3070B8628706F8000F148AA /* PointsView.swift */,
				C3ADE625287458F2008E05BB /* LeaderBoardView.swift */,
			);
			path = Views;
			sourceTree = "<group>";
		};
		EFEBF86D2857C3360001E83E /* App */ = {
			isa = PBXGroup;
			children = (
				EFEF3B53285534EC00E5EF1A /* BullsEyeApp.swift */,
				EFEF3B57285534F300E5EF1A /* Assets.xcassets */,
			);
			path = App;
			sourceTree = "<group>";
		};
		EFEF3B47285534EC00E5EF1A = {
			isa = PBXGroup;
			children = (
				EFEF3B52285534EC00E5EF1A /* BullsEye */,
				EF440C842859046D00E569E4 /* BullsEyeTests */,
				EFEF3B51285534EC00E5EF1A /* Products */,
			);
			sourceTree = "<group>";
		};
		EFEF3B51285534EC00E5EF1A /* Products */ = {
			isa = PBXGroup;
			children = (
				EFEF3B50285534EC00E5EF1A /* BullsEye.app */,
				EF440C832859046D00E569E4 /* BullsEyeTests.xctest */,
			);
			name = Products;
			sourceTree = "<group>";
		};
		EFEF3B52285534EC00E5EF1A /* BullsEye */ = {
			isa = PBXGroup;
			children = (
				C3ADE622287457B5008E05BB /* TextStyles */,
				EFEBF86D2857C3360001E83E /* App */,
				EFEBF86B2857C3230001E83E /* Models */,
				EFEBF86C2857C32A0001E83E /* Views */,
				EFEF3B59285534F300E5EF1A /* Preview Content */,
			);
			path = BullsEye;
			sourceTree = "<group>";
		};
		EFEF3B59285534F300E5EF1A /* Preview Content */ = {
			isa = PBXGroup;
			children = (
				EFEF3B5A285534F300E5EF1A /* Preview Assets.xcassets */,
			);
			path = "Preview Content";
			sourceTree = "<group>";
		};
/* End PBXGroup section */

/* Begin PBXNativeTarget section */
		EF440C822859046D00E569E4 /* BullsEyeTests */ = {
			isa = PBXNativeTarget;
			buildConfigurationList = EF440C8B2859046D00E569E4 /* Build configuration list for PBXNativeTarget "BullsEyeTests" */;
			buildPhases = (
				EF440C7F2859046D00E569E4 /* Sources */,
				EF440C802859046D00E569E4 /* Frameworks */,
				EF440C812859046D00E569E4 /* Resources */,
			);
			buildRules = (
			);
			dependencies = (
				EF440C882859046D00E569E4 /* PBXTargetDependency */,
			);
			name = BullsEyeTests;
			productName = BullsEyeTests;
			productReference = EF440C832859046D00E569E4 /* BullsEyeTests.xctest */;
			productType = "com.apple.product-type.bundle.unit-test";
		};
		EFEF3B4F285534EC00E5EF1A /* BullsEye */ = {
			isa = PBXNativeTarget;
			buildConfigurationList = EFEF3B5E285534F300E5EF1A /* Build configuration list for PBXNativeTarget "BullsEye" */;
			buildPhases = (
				EFEF3B4C285534EC00E5EF1A /* Sources */,
				EFEF3B4D285534EC00E5EF1A /* Frameworks */,
				EFEF3B4E285534EC00E5EF1A /* Resources */,
			);
			buildRules = (
			);
			dependencies = (
			);
			name = BullsEye;
			productName = BullsEye;
			productReference = EFEF3B50285534EC00E5EF1A /* BullsEye.app */;
			productType = "com.apple.product-type.application";
		};
/* End PBXNativeTarget section */

/* Begin PBXProject section */
		EFEF3B48285534EC00E5EF1A /* Project object */ = {
			isa = PBXProject;
			attributes = {
				BuildIndependentTargetsInParallel = 1;
				LastSwiftUpdateCheck = 1330;
				LastUpgradeCheck = 1330;
				TargetAttributes = {
					EF440C822859046D00E569E4 = {
						CreatedOnToolsVersion = 13.3;
						TestTargetID = EFEF3B4F285534EC00E5EF1A;
					};
					EFEF3B4F285534EC00E5EF1A = {
						CreatedOnToolsVersion = 13.3;
					};
				};
			};
			buildConfigurationList = EFEF3B4B285534EC00E5EF1A /* Build configuration list for PBXProject "BullsEye" */;
			compatibilityVersion = "Xcode 13.0";
			developmentRegion = en;
			hasScannedForEncodings = 0;
			knownRegions = (
				en,
				Base,
			);
			mainGroup = EFEF3B47285534EC00E5EF1A;
			productRefGroup = EFEF3B51285534EC00E5EF1A /* Products */;
			projectDirPath = "";
			projectRoot = "";
			targets = (
				EFEF3B4F285534EC00E5EF1A /* BullsEye */,
				EF440C822859046D00E569E4 /* BullsEyeTests */,
			);
		};
/* End PBXProject section */

/* Begin PBXResourcesBuildPhase section */
		EF440C812859046D00E569E4 /* Resources */ = {
			isa = PBXResourcesBuildPhase;
			buildActionMask = 2147483647;
			files = (
			);
			runOnlyForDeploymentPostprocessing = 0;
		};
		EFEF3B4E285534EC00E5EF1A /* Resources */ = {
			isa = PBXResourcesBuildPhase;
			buildActionMask = 2147483647;
			files = (
				EFEF3B5B285534F300E5EF1A /* Preview Assets.xcassets in Resources */,
				EFEF3B58285534F300E5EF1A /* Assets.xcassets in Resources */,
			);
			runOnlyForDeploymentPostprocessing = 0;
		};
/* End PBXResourcesBuildPhase section */

/* Begin PBXSourcesBuildPhase section */
		EF440C7F2859046D00E569E4 /* Sources */ = {
			isa = PBXSourcesBuildPhase;
			buildActionMask = 2147483647;
			files = (
				EF440C862859046D00E569E4 /* BullsEyeTests.swift in Sources */,
			);
			runOnlyForDeploymentPostprocessing = 0;
		};
		EFEF3B4C285534EC00E5EF1A /* Sources */ = {
			isa = PBXSourcesBuildPhase;
			buildActionMask = 2147483647;
			files = (
				C36F7D7B2869C943005413C1 /* BackgroundView.swift in Sources */,
				EFEF3B56285534EC00E5EF1A /* ContentView.swift in Sources */,
				C3D84AE8286733BE0048172B /* TextView.swift in Sources */,
				C394137B28688F0B00222F83 /* RoundedViews.swift in Sources */,
				C3ADE626287458F2008E05BB /* LeaderBoardView.swift in Sources */,
				C3070B8728706F8000F148AA /* PointsView.swift in Sources */,
				C3ADE624287457E7008E05BB /* LeaderBoardTextStyle.swift in Sources */,
				EFEBF86F2857C3710001E83E /* Game.swift in Sources */,
				EFEF3B54285534EC00E5EF1A /* BullsEyeApp.swift in Sources */,
				C3DBE66228784E2000D425C4 /* LeaderBoardEntry.swift in Sources */,
				C327F7AD28730BE600382915 /* Constants.swift in Sources */,
			);
			runOnlyForDeploymentPostprocessing = 0;
		};
/* End PBXSourcesBuildPhase section */

/* Begin PBXTargetDependency section */
		EF440C882859046D00E569E4 /* PBXTargetDependency */ = {
			isa = PBXTargetDependency;
			target = EFEF3B4F285534EC00E5EF1A /* BullsEye */;
			targetProxy = EF440C872859046D00E569E4 /* PBXContainerItemProxy */;
		};
/* End PBXTargetDependency section */

/* Begin XCBuildConfiguration section */
		EF440C892859046D00E569E4 /* Debug */ = {
			isa = XCBuildConfiguration;
			buildSettings = {
				BUNDLE_LOADER = "$(TEST_HOST)";
				CODE_SIGN_STYLE = Automatic;
				CURRENT_PROJECT_VERSION = 1;
				DEVELOPMENT_TEAM = CQQC8DT4FG;
				GENERATE_INFOPLIST_FILE = YES;
				MARKETING_VERSION = 1.0;
				PRODUCT_BUNDLE_IDENTIFIER = "com.rodrigoktarouco-gmail.com.BullsEyeTests";
				PRODUCT_NAME = "$(TARGET_NAME)";
				SWIFT_EMIT_LOC_STRINGS = NO;
				SWIFT_VERSION = 5.0;
				TARGETED_DEVICE_FAMILY = "1,2";
				TEST_HOST = "$(BUILT_PRODUCTS_DIR)/BullsEye.app/BullsEye";
			};
			name = Debug;
		};
		EF440C8A2859046D00E569E4 /* Release */ = {
			isa = XCBuildConfiguration;
			buildSettings = {
				BUNDLE_LOADER = "$(TEST_HOST)";
				CODE_SIGN_STYLE = Automatic;
				CURRENT_PROJECT_VERSION = 1;
				DEVELOPMENT_TEAM = CQQC8DT4FG;
				GENERATE_INFOPLIST_FILE = YES;
				MARKETING_VERSION = 1.0;
				PRODUCT_BUNDLE_IDENTIFIER = "com.rodrigoktarouco-gmail.com.BullsEyeTests";
				PRODUCT_NAME = "$(TARGET_NAME)";
				SWIFT_EMIT_LOC_STRINGS = NO;
				SWIFT_VERSION = 5.0;
				TARGETED_DEVICE_FAMILY = "1,2";
				TEST_HOST = "$(BUILT_PRODUCTS_DIR)/BullsEye.app/BullsEye";
			};
			name = Release;
		};
		EFEF3B5C285534F300E5EF1A /* Debug */ = {
			isa = XCBuildConfiguration;
			buildSettings = {
				ALWAYS_SEARCH_USER_PATHS = NO;
				CLANG_ANALYZER_NONNULL = YES;
				CLANG_ANALYZER_NUMBER_OBJECT_CONVERSION = YES_AGGRESSIVE;
				CLANG_CXX_LANGUAGE_STANDARD = "gnu++17";
				CLANG_ENABLE_MODULES = YES;
				CLANG_ENABLE_OBJC_ARC = YES;
				CLANG_ENABLE_OBJC_WEAK = YES;
				CLANG_WARN_BLOCK_CAPTURE_AUTORELEASING = YES;
				CLANG_WARN_BOOL_CONVERSION = YES;
				CLANG_WARN_COMMA = YES;
				CLANG_WARN_CONSTANT_CONVERSION = YES;
				CLANG_WARN_DEPRECATED_OBJC_IMPLEMENTATIONS = YES;
				CLANG_WARN_DIRECT_OBJC_ISA_USAGE = YES_ERROR;
				CLANG_WARN_DOCUMENTATION_COMMENTS = YES;
				CLANG_WARN_EMPTY_BODY = YES;
				CLANG_WARN_ENUM_CONVERSION = YES;
				CLANG_WARN_INFINITE_RECURSION = YES;
				CLANG_WARN_INT_CONVERSION = YES;
				CLANG_WARN_NON_LITERAL_NULL_CONVERSION = YES;
				CLANG_WARN_OBJC_IMPLICIT_RETAIN_SELF = YES;
				CLANG_WARN_OBJC_LITERAL_CONVERSION = YES;
				CLANG_WARN_OBJC_ROOT_CLASS = YES_ERROR;
				CLANG_WARN_QUOTED_INCLUDE_IN_FRAMEWORK_HEADER = YES;
				CLANG_WARN_RANGE_LOOP_ANALYSIS = YES;
				CLANG_WARN_STRICT_PROTOTYPES = YES;
				CLANG_WARN_SUSPICIOUS_MOVE = YES;
				CLANG_WARN_UNGUARDED_AVAILABILITY = YES_AGGRESSIVE;
				CLANG_WARN_UNREACHABLE_CODE = YES;
				CLANG_WARN__DUPLICATE_METHOD_MATCH = YES;
				COPY_PHASE_STRIP = NO;
				DEBUG_INFORMATION_FORMAT = dwarf;
				ENABLE_STRICT_OBJC_MSGSEND = YES;
				ENABLE_TESTABILITY = YES;
				GCC_C_LANGUAGE_STANDARD = gnu11;
				GCC_DYNAMIC_NO_PIC = NO;
				GCC_NO_COMMON_BLOCKS = YES;
				GCC_OPTIMIZATION_LEVEL = 0;
				GCC_PREPROCESSOR_DEFINITIONS = (
					"DEBUG=1",
					"$(inherited)",
				);
				GCC_WARN_64_TO_32_BIT_CONVERSION = YES;
				GCC_WARN_ABOUT_RETURN_TYPE = YES_ERROR;
				GCC_WARN_UNDECLARED_SELECTOR = YES;
				GCC_WARN_UNINITIALIZED_AUTOS = YES_AGGRESSIVE;
				GCC_WARN_UNUSED_FUNCTION = YES;
				GCC_WARN_UNUSED_VARIABLE = YES;
				IPHONEOS_DEPLOYMENT_TARGET = 15.4;
				MTL_ENABLE_DEBUG_INFO = INCLUDE_SOURCE;
				MTL_FAST_MATH = YES;
				ONLY_ACTIVE_ARCH = YES;
				SDKROOT = iphoneos;
				SWIFT_ACTIVE_COMPILATION_CONDITIONS = DEBUG;
				SWIFT_OPTIMIZATION_LEVEL = "-Onone";
			};
			name = Debug;
		};
		EFEF3B5D285534F300E5EF1A /* Release */ = {
			isa = XCBuildConfiguration;
			buildSettings = {
				ALWAYS_SEARCH_USER_PATHS = NO;
				CLANG_ANALYZER_NONNULL = YES;
				CLANG_ANALYZER_NUMBER_OBJECT_CONVERSION = YES_AGGRESSIVE;
				CLANG_CXX_LANGUAGE_STANDARD = "gnu++17";
				CLANG_ENABLE_MODULES = YES;
				CLANG_ENABLE_OBJC_ARC = YES;
				CLANG_ENABLE_OBJC_WEAK = YES;
				CLANG_WARN_BLOCK_CAPTURE_AUTORELEASING = YES;
				CLANG_WARN_BOOL_CONVERSION = YES;
				CLANG_WARN_COMMA = YES;
				CLANG_WARN_CONSTANT_CONVERSION = YES;
				CLANG_WARN_DEPRECATED_OBJC_IMPLEMENTATIONS = YES;
				CLANG_WARN_DIRECT_OBJC_ISA_USAGE = YES_ERROR;
				CLANG_WARN_DOCUMENTATION_COMMENTS = YES;
				CLANG_WARN_EMPTY_BODY = YES;
				CLANG_WARN_ENUM_CONVERSION = YES;
				CLANG_WARN_INFINITE_RECURSION = YES;
				CLANG_WARN_INT_CONVERSION = YES;
				CLANG_WARN_NON_LITERAL_NULL_CONVERSION = YES;
				CLANG_WARN_OBJC_IMPLICIT_RETAIN_SELF = YES;
				CLANG_WARN_OBJC_LITERAL_CONVERSION = YES;
				CLANG_WARN_OBJC_ROOT_CLASS = YES_ERROR;
				CLANG_WARN_QUOTED_INCLUDE_IN_FRAMEWORK_HEADER = YES;
				CLANG_WARN_RANGE_LOOP_ANALYSIS = YES;
				CLANG_WARN_STRICT_PROTOTYPES = YES;
				CLANG_WARN_SUSPICIOUS_MOVE = YES;
				CLANG_WARN_UNGUARDED_AVAILABILITY = YES_AGGRESSIVE;
				CLANG_WARN_UNREACHABLE_CODE = YES;
				CLANG_WARN__DUPLICATE_METHOD_MATCH = YES;
				COPY_PHASE_STRIP = NO;
				DEBUG_INFORMATION_FORMAT = "dwarf-with-dsym";
				ENABLE_NS_ASSERTIONS = NO;
				ENABLE_STRICT_OBJC_MSGSEND = YES;
				GCC_C_LANGUAGE_STANDARD = gnu11;
				GCC_NO_COMMON_BLOCKS = YES;
				GCC_WARN_64_TO_32_BIT_CONVERSION = YES;
				GCC_WARN_ABOUT_RETURN_TYPE = YES_ERROR;
				GCC_WARN_UNDECLARED_SELECTOR = YES;
				GCC_WARN_UNINITIALIZED_AUTOS = YES_AGGRESSIVE;
				GCC_WARN_UNUSED_FUNCTION = YES;
				GCC_WARN_UNUSED_VARIABLE = YES;
				IPHONEOS_DEPLOYMENT_TARGET = 15.4;
				MTL_ENABLE_DEBUG_INFO = NO;
				MTL_FAST_MATH = YES;
				SDKROOT = iphoneos;
				SWIFT_COMPILATION_MODE = wholemodule;
				SWIFT_OPTIMIZATION_LEVEL = "-O";
				VALIDATE_PRODUCT = YES;
			};
			name = Release;
		};
		EFEF3B5F285534F300E5EF1A /* Debug */ = {
			isa = XCBuildConfiguration;
			buildSettings = {
				ASSETCATALOG_COMPILER_APPICON_NAME = AppIcon;
				ASSETCATALOG_COMPILER_GLOBAL_ACCENT_COLOR_NAME = AccentColor;
				CODE_SIGN_STYLE = Automatic;
				CURRENT_PROJECT_VERSION = 1;
				DEVELOPMENT_ASSET_PATHS = "\"BullsEye/Preview Content\"";
				DEVELOPMENT_TEAM = CQQC8DT4FG;
				ENABLE_PREVIEWS = YES;
				GENERATE_INFOPLIST_FILE = YES;
				INFOPLIST_KEY_UIApplicationSceneManifest_Generation = YES;
				INFOPLIST_KEY_UIApplicationSupportsIndirectInputEvents = YES;
				INFOPLIST_KEY_UILaunchScreen_Generation = YES;
				INFOPLIST_KEY_UISupportedInterfaceOrientations_iPad = "UIInterfaceOrientationPortrait UIInterfaceOrientationPortraitUpsideDown UIInterfaceOrientationLandscapeLeft UIInterfaceOrientationLandscapeRight";
				INFOPLIST_KEY_UISupportedInterfaceOrientations_iPhone = "UIInterfaceOrientationPortrait UIInterfaceOrientationLandscapeLeft UIInterfaceOrientationLandscapeRight";
				LD_RUNPATH_SEARCH_PATHS = (
					"$(inherited)",
					"@executable_path/Frameworks",
				);
				MARKETING_VERSION = 1.0;
				PRODUCT_BUNDLE_IDENTIFIER = "com.rodrigoktarouco-gmail.com.BullsEye";
				PRODUCT_NAME = "$(TARGET_NAME)";
				SWIFT_EMIT_LOC_STRINGS = YES;
				SWIFT_VERSION = 5.0;
				TARGETED_DEVICE_FAMILY = "1,2";
			};
			name = Debug;
		};
		EFEF3B60285534F300E5EF1A /* Release */ = {
			isa = XCBuildConfiguration;
			buildSettings = {
				ASSETCATALOG_COMPILER_APPICON_NAME = AppIcon;
				ASSETCATALOG_COMPILER_GLOBAL_ACCENT_COLOR_NAME = AccentColor;
				CODE_SIGN_STYLE = Automatic;
				CURRENT_PROJECT_VERSION = 1;
				DEVELOPMENT_ASSET_PATHS = "\"BullsEye/Preview Content\"";
				DEVELOPMENT_TEAM = CQQC8DT4FG;
				ENABLE_PREVIEWS = YES;
				GENERATE_INFOPLIST_FILE = YES;
				INFOPLIST_KEY_UIApplicationSceneManifest_Generation = YES;
				INFOPLIST_KEY_UIApplicationSupportsIndirectInputEvents = YES;
				INFOPLIST_KEY_UILaunchScreen_Generation = YES;
				INFOPLIST_KEY_UISupportedInterfaceOrientations_iPad = "UIInterfaceOrientationPortrait UIInterfaceOrientationPortraitUpsideDown UIInterfaceOrientationLandscapeLeft UIInterfaceOrientationLandscapeRight";
				INFOPLIST_KEY_UISupportedInterfaceOrientations_iPhone = "UIInterfaceOrientationPortrait UIInterfaceOrientationLandscapeLeft UIInterfaceOrientationLandscapeRight";
				LD_RUNPATH_SEARCH_PATHS = (
					"$(inherited)",
					"@executable_path/Frameworks",
				);
				MARKETING_VERSION = 1.0;
				PRODUCT_BUNDLE_IDENTIFIER = "com.rodrigoktarouco-gmail.com.BullsEye";
				PRODUCT_NAME = "$(TARGET_NAME)";
				SWIFT_EMIT_LOC_STRINGS = YES;
				SWIFT_VERSION = 5.0;
				TARGETED_DEVICE_FAMILY = "1,2";
			};
			name = Release;
		};
/* End XCBuildConfiguration section */

/* Begin XCConfigurationList section */
		EF440C8B2859046D00E569E4 /* Build configuration list for PBXNativeTarget "BullsEyeTests" */ = {
			isa = XCConfigurationList;
			buildConfigurations = (
				EF440C892859046D00E569E4 /* Debug */,
				EF440C8A2859046D00E569E4 /* Release */,
			);
			defaultConfigurationIsVisible = 0;
			defaultConfigurationName = Release;
		};
		EFEF3B4B285534EC00E5EF1A /* Build configuration list for PBXProject "BullsEye" */ = {
			isa = XCConfigurationList;
			buildConfigurations = (
				EFEF3B5C285534F300E5EF1A /* Debug */,
				EFEF3B5D285534F300E5EF1A /* Release */,
			);
			defaultConfigurationIsVisible = 0;
			defaultConfigurationName = Release;
		};
		EFEF3B5E285534F300E5EF1A /* Build configuration list for PBXNativeTarget "BullsEye" */ = {
			isa = XCConfigurationList;
			buildConfigurations = (
				EFEF3B5F285534F300E5EF1A /* Debug */,
				EFEF3B60285534F300E5EF1A /* Release */,
			);
			defaultConfigurationIsVisible = 0;
			defaultConfigurationName = Release;
		};
/* End XCConfigurationList section */
	};
	rootObject = EFEF3B48285534EC00E5EF1A /* Project object */;
}
